
Microsoft Visual Studio Solution File, Format Version 12.00
# Visual Studio Version 17
VisualStudioVersion = 17.4.33110.190
MinimumVisualStudioVersion = 10.0.40219.1
Project("{FAE04EC0-301F-11D3-BF4B-00C04F79EFBC}") = "BlogLab.Web", "BlogLab.Web\BlogLab.Web.csproj", "{EA250E32-D703-4242-97D6-D7C5AEB29450}"
EndProject
Global
	GlobalSection(SolutionConfigurationPlatforms) = preSolution
		Debug|Any CPU = Debug|Any CPU
		Release|Any CPU = Release|Any CPU
	EndGlobalSection
	GlobalSection(ProjectConfigurationPlatforms) = postSolution
		{EA250E32-D703-4242-97D6-D7C5AEB29450}.Debug|Any CPU.ActiveCfg = Debug|Any CPU
		{EA250E32-D703-4242-97D6-D7C5AEB29450}.Debug|Any CPU.Build.0 = Debug|Any CPU
		{EA250E32-D703-4242-97D6-D7C5AEB29450}.Release|Any CPU.ActiveCfg = Release|Any CPU
		{EA250E32-D703-4242-97D6-D7C5AEB29450}.Release|Any CPU.Build.0 = Release|Any CPU
	EndGlobalSection
	GlobalSection(SolutionProperties) = preSolution
		HideSolutionNode = FALSE
	EndGlobalSection
	GlobalSection(ExtensibilityGlobals) = postSolution
		SolutionGuid = {B03E277B-081E-4486-97C7-733E23982FAF}
	EndGlobalSection
EndGlobal
